
Microsoft Visual Studio Solution File, Format Version 12.00
# Visual Studio 14
VisualStudioVersion = 14.0.25420.1
MinimumVisualStudioVersion = 10.0.40219.1
Project("{8BC9CEB8-8B4A-11D0-8D11-00A0C91BC942}") = "line_follower", "line_follower.vcxproj", "{C5F80730-F44F-4478-BDAE-6634EFC2CA88}"
EndProject
Project("{8BC9CEB8-8B4A-11D0-8D11-00A0C91BC942}") = "line_follower2.0", "..\line_follower2.0\line_follower2.0.vcxproj", "{545A08B9-42CA-49F7-ADF7-7AAA43DE7960}"
EndProject
Project("{8BC9CEB8-8B4A-11D0-8D11-00A0C91BC942}") = "line_follower3.0", "..\line_follower3.0\line_follower3.0.vcxproj", "{40BAD2E0-90CF-43BB-A5B7-4E2B939B3BB9}"
EndProject
Global
	GlobalSection(SolutionConfigurationPlatforms) = preSolution
		Debug|x86 = Debug|x86
		Release|x86 = Release|x86
	EndGlobalSection
	GlobalSection(ProjectConfigurationPlatforms) = postSolution
		{C5F80730-F44F-4478-BDAE-6634EFC2CA88}.Debug|x86.ActiveCfg = Debug|Win32
		{C5F80730-F44F-4478-BDAE-6634EFC2CA88}.Debug|x86.Build.0 = Debug|Win32
		{C5F80730-F44F-4478-BDAE-6634EFC2CA88}.Release|x86.ActiveCfg = Release|Win32
		{C5F80730-F44F-4478-BDAE-6634EFC2CA88}.Release|x86.Build.0 = Release|Win32
		{545A08B9-42CA-49F7-ADF7-7AAA43DE7960}.Debug|x86.ActiveCfg = Debug|Win32
		{545A08B9-42CA-49F7-ADF7-7AAA43DE7960}.Debug|x86.Build.0 = Debug|Win32
		{545A08B9-42CA-49F7-ADF7-7AAA43DE7960}.Release|x86.ActiveCfg = Release|Win32
		{545A08B9-42CA-49F7-ADF7-7AAA43DE7960}.Release|x86.Build.0 = Release|Win32
		{40BAD2E0-90CF-43BB-A5B7-4E2B939B3BB9}.Debug|x86.ActiveCfg = Debug|Win32
		{40BAD2E0-90CF-43BB-A5B7-4E2B939B3BB9}.Debug|x86.Build.0 = Debug|Win32
		{40BAD2E0-90CF-43BB-A5B7-4E2B939B3BB9}.Release|x86.ActiveCfg = Release|Win32
		{40BAD2E0-90CF-43BB-A5B7-4E2B939B3BB9}.Release|x86.Build.0 = Release|Win32
	EndGlobalSection
	GlobalSection(SolutionProperties) = preSolution
		HideSolutionNode = FALSE
	EndGlobalSection
EndGlobal
